PODS:
  - youtube-ios-player-helper (1.0.2)

DEPENDENCIES:
  - youtube-ios-player-helper

SPEC REPOS:
  trunk:
    - youtube-ios-player-helper

SPEC CHECKSUMS:
  youtube-ios-player-helper: 40b96e52c22445f0fdc43731cefa32c67075ff81

PODFILE CHECKSUM: 13bd08df928665db9ee1c6379a3e31d31a791b9d

COCOAPODS: 1.9.3
